
Microsoft Visual Studio Solution File, Format Version 12.00
# Visual Studio Version 16
VisualStudioVersion = 16.0.30406.217
MinimumVisualStudioVersion = 10.0.40219.1
Project("{9A19103F-16F7-4668-BE54-9A1E7A4F7556}") = "CRPGThing", "FirstConsoleProgram\CRPGThing.csproj", "{234E760D-C376-4A4E-AA19-0E7F8A5DE768}"
EndProject
Global
	GlobalSection(SolutionConfigurationPlatforms) = preSolution
		Debug|Any CPU = Debug|Any CPU
		Release|Any CPU = Release|Any CPU
	EndGlobalSection
	GlobalSection(ProjectConfigurationPlatforms) = postSolution
		{234E760D-C376-4A4E-AA19-0E7F8A5DE768}.Debug|Any CPU.ActiveCfg = Debug|Any CPU
		{234E760D-C376-4A4E-AA19-0E7F8A5DE768}.Debug|Any CPU.Build.0 = Debug|Any CPU
		{234E760D-C376-4A4E-AA19-0E7F8A5DE768}.Release|Any CPU.ActiveCfg = Release|Any CPU
		{234E760D-C376-4A4E-AA19-0E7F8A5DE768}.Release|Any CPU.Build.0 = Release|Any CPU
	EndGlobalSection
	GlobalSection(SolutionProperties) = preSolution
		HideSolutionNode = FALSE
	EndGlobalSection
	GlobalSection(ExtensibilityGlobals) = postSolution
		SolutionGuid = {1A5043F8-5EDB-4669-8AA9-7055BBE3C036}
	EndGlobalSection
EndGlobal
