
Microsoft Visual Studio Solution File, Format Version 12.00
# Visual Studio Version 16
VisualStudioVersion = 16.0.30406.217
MinimumVisualStudioVersion = 10.0.40219.1
Project("{9A19103F-16F7-4668-BE54-9A1E7A4F7556}") = "CRPGThing", "FirstConsoleProgram\CRPGThing.csproj", "{234E760D-C376-4A4E-AA19-0E7F8A5DE768}"
EndProject
Project("{9A19103F-16F7-4668-BE54-9A1E7A4F7556}") = "VariablesOperatorsExpressions", "VariablesOperatorsExpressions\VariablesOperatorsExpressions.csproj", "{23ACEB45-13BC-4F2F-B5B9-F9BA4DBFDCE6}"
EndProject
Project("{9A19103F-16F7-4668-BE54-9A1E7A4F7556}") = "GuessTheNumber", "C:\Users\2awso\Downloads\Walkalong-master\Walkalong-master\GuessTheNumber\GuessTheNumber.csproj", "{B7AFADE5-54F2-4831-9FFB-83C8255A53F5}"
EndProject
Project("{9A19103F-16F7-4668-BE54-9A1E7A4F7556}") = "Walkalong", "C:\Users\2awso\Downloads\Walkalong-master\Walkalong-master\Walkalong\Walkalong.csproj", "{098A4493-39F2-42F1-AD85-75E32E82C58B}"
EndProject
Project("{FAE04EC0-301F-11D3-BF4B-00C04F79EFBC}") = "Blackjack", "..\..\Resources\Blackjack (Student)\Blackjack (Student)\Blackjack\Blackjack.csproj", "{CC95B04B-88F7-4DCD-A9D2-6D36DC3D7E17}"
EndProject
Global
	GlobalSection(SolutionConfigurationPlatforms) = preSolution
		Debug|Any CPU = Debug|Any CPU
		Release|Any CPU = Release|Any CPU
	EndGlobalSection
	GlobalSection(ProjectConfigurationPlatforms) = postSolution
		{234E760D-C376-4A4E-AA19-0E7F8A5DE768}.Debug|Any CPU.ActiveCfg = Debug|Any CPU
		{234E760D-C376-4A4E-AA19-0E7F8A5DE768}.Debug|Any CPU.Build.0 = Debug|Any CPU
		{234E760D-C376-4A4E-AA19-0E7F8A5DE768}.Release|Any CPU.ActiveCfg = Release|Any CPU
		{234E760D-C376-4A4E-AA19-0E7F8A5DE768}.Release|Any CPU.Build.0 = Release|Any CPU
		{23ACEB45-13BC-4F2F-B5B9-F9BA4DBFDCE6}.Debug|Any CPU.ActiveCfg = Debug|Any CPU
		{23ACEB45-13BC-4F2F-B5B9-F9BA4DBFDCE6}.Debug|Any CPU.Build.0 = Debug|Any CPU
		{23ACEB45-13BC-4F2F-B5B9-F9BA4DBFDCE6}.Release|Any CPU.ActiveCfg = Release|Any CPU
		{23ACEB45-13BC-4F2F-B5B9-F9BA4DBFDCE6}.Release|Any CPU.Build.0 = Release|Any CPU
		{B7AFADE5-54F2-4831-9FFB-83C8255A53F5}.Debug|Any CPU.ActiveCfg = Debug|Any CPU
		{B7AFADE5-54F2-4831-9FFB-83C8255A53F5}.Debug|Any CPU.Build.0 = Debug|Any CPU
		{B7AFADE5-54F2-4831-9FFB-83C8255A53F5}.Release|Any CPU.ActiveCfg = Release|Any CPU
		{B7AFADE5-54F2-4831-9FFB-83C8255A53F5}.Release|Any CPU.Build.0 = Release|Any CPU
		{098A4493-39F2-42F1-AD85-75E32E82C58B}.Debug|Any CPU.ActiveCfg = Debug|Any CPU
		{098A4493-39F2-42F1-AD85-75E32E82C58B}.Debug|Any CPU.Build.0 = Debug|Any CPU
		{098A4493-39F2-42F1-AD85-75E32E82C58B}.Release|Any CPU.ActiveCfg = Release|Any CPU
		{098A4493-39F2-42F1-AD85-75E32E82C58B}.Release|Any CPU.Build.0 = Release|Any CPU
		{CC95B04B-88F7-4DCD-A9D2-6D36DC3D7E17}.Debug|Any CPU.ActiveCfg = Debug|Any CPU
		{CC95B04B-88F7-4DCD-A9D2-6D36DC3D7E17}.Debug|Any CPU.Build.0 = Debug|Any CPU
		{CC95B04B-88F7-4DCD-A9D2-6D36DC3D7E17}.Release|Any CPU.ActiveCfg = Release|Any CPU
		{CC95B04B-88F7-4DCD-A9D2-6D36DC3D7E17}.Release|Any CPU.Build.0 = Release|Any CPU
	EndGlobalSection
	GlobalSection(SolutionProperties) = preSolution
		HideSolutionNode = FALSE
	EndGlobalSection
	GlobalSection(ExtensibilityGlobals) = postSolution
		SolutionGuid = {1A5043F8-5EDB-4669-8AA9-7055BBE3C036}
	EndGlobalSection
EndGlobal
